Microsoft Visual Studio Solution File, Format Version 11.00
# Visual Studio 2008

Project("{15417211-A187-20DD-8D8A-606DDF131469}") = "Breakout4", "Assembly-CSharp-firstpass.csproj", "{B7B3217D-6419-3EF9-4BC8-7895E59651AE}"
EndProject
Project("{15417211-A187-20DD-8D8A-606DDF131469}") = "Breakout4", "Assembly-CSharp.csproj", "{85CE2604-86D7-3E5C-5E69-37201D383915}"
EndProject
Project("{15417211-A187-20DD-8D8A-606DDF131469}") = "Breakout4", "Assembly-UnityScript-firstpass.unityproj", "{14E0D64D-61F3-55DA-8CF3-7E617AFC6C36}"
EndProject
Project("{15417211-A187-20DD-8D8A-606DDF131469}") = "Breakout4", "Assembly-UnityScript.unityproj", "{D0A6A753-2A5D-10C6-AAC7-6548E2B3FD07}"
EndProject
Global
	GlobalSection(SolutionConfigurationPlatforms) = preSolution
		Debug|Any CPU = Debug|Any CPU
		Release|Any CPU = Release|Any CPU
	EndGlobalSection
	GlobalSection(ProjectConfigurationPlatforms) = postSolution
		{B7B3217D-6419-3EF9-4BC8-7895E59651AE}.Debug|Any CPU.ActiveCfg = Debug|Any CPU
		{B7B3217D-6419-3EF9-4BC8-7895E59651AE}.Debug|Any CPU.Build.0 = Debug|Any CPU
		{B7B3217D-6419-3EF9-4BC8-7895E59651AE}.Release|Any CPU.ActiveCfg = Release|Any CPU
		{B7B3217D-6419-3EF9-4BC8-7895E59651AE}.Release|Any CPU.Build.0 = Release|Any CPU
		{85CE2604-86D7-3E5C-5E69-37201D383915}.Debug|Any CPU.ActiveCfg = Debug|Any CPU
		{85CE2604-86D7-3E5C-5E69-37201D383915}.Debug|Any CPU.Build.0 = Debug|Any CPU
		{85CE2604-86D7-3E5C-5E69-37201D383915}.Release|Any CPU.ActiveCfg = Release|Any CPU
		{85CE2604-86D7-3E5C-5E69-37201D383915}.Release|Any CPU.Build.0 = Release|Any CPU
		{14E0D64D-61F3-55DA-8CF3-7E617AFC6C36}.Debug|Any CPU.ActiveCfg = Debug|Any CPU
		{14E0D64D-61F3-55DA-8CF3-7E617AFC6C36}.Debug|Any CPU.Build.0 = Debug|Any CPU
		{14E0D64D-61F3-55DA-8CF3-7E617AFC6C36}.Release|Any CPU.ActiveCfg = Release|Any CPU
		{14E0D64D-61F3-55DA-8CF3-7E617AFC6C36}.Release|Any CPU.Build.0 = Release|Any CPU
		{D0A6A753-2A5D-10C6-AAC7-6548E2B3FD07}.Debug|Any CPU.ActiveCfg = Debug|Any CPU
		{D0A6A753-2A5D-10C6-AAC7-6548E2B3FD07}.Debug|Any CPU.Build.0 = Debug|Any CPU
		{D0A6A753-2A5D-10C6-AAC7-6548E2B3FD07}.Release|Any CPU.ActiveCfg = Release|Any CPU
		{D0A6A753-2A5D-10C6-AAC7-6548E2B3FD07}.Release|Any CPU.Build.0 = Release|Any CPU
	EndGlobalSection
	GlobalSection(SolutionProperties) = preSolution
		HideSolutionNode = FALSE
	EndGlobalSection
																		GlobalSection(MonoDevelopProperties) = preSolution
		StartupItem = Assembly-CSharp.csproj
		Policies = $0
		$0.TextStylePolicy = $1
		$1.inheritsSet = null
		$1.scope = text/x-csharp
		$0.CSharpFormattingPolicy = $2
		$2.inheritsSet = Mono
		$2.inheritsScope = text/x-csharp
		$2.scope = text/x-csharp
		$0.TextStylePolicy = $3
		$3.FileWidth = 120
		$3.TabWidth = 4
		$3.EolMarker = Unix
		$3.inheritsSet = Mono
		$3.inheritsScope = text/plain
		$3.scope = text/plain
	EndGlobalSection

EndGlobal
