Microsoft Visual Studio Solution File, Format Version 11.00
# Visual Studio 2008

Project("{8A89A8F1-83D1-9EF8-0B56-78DC8E10DDB9}") = "Breakout2", "Assembly-CSharp-firstpass-vs.csproj", "{AA93E324-2AA2-8CE5-2450-990C034CBFFE}"
EndProject
Project("{8A89A8F1-83D1-9EF8-0B56-78DC8E10DDB9}") = "Breakout2", "Assembly-CSharp-vs.csproj", "{A450F3D6-8EE8-E81B-1CBB-2CD2874E5DAD}"
EndProject
Global
	GlobalSection(SolutionConfigurationPlatforms) = preSolution
		Debug|Any CPU = Debug|Any CPU
		Release|Any CPU = Release|Any CPU
	EndGlobalSection
	GlobalSection(ProjectConfigurationPlatforms) = postSolution
		{AA93E324-2AA2-8CE5-2450-990C034CBFFE}.Debug|Any CPU.ActiveCfg = Debug|Any CPU
		{AA93E324-2AA2-8CE5-2450-990C034CBFFE}.Debug|Any CPU.Build.0 = Debug|Any CPU
		{AA93E324-2AA2-8CE5-2450-990C034CBFFE}.Release|Any CPU.ActiveCfg = Release|Any CPU
		{AA93E324-2AA2-8CE5-2450-990C034CBFFE}.Release|Any CPU.Build.0 = Release|Any CPU
		{A450F3D6-8EE8-E81B-1CBB-2CD2874E5DAD}.Debug|Any CPU.ActiveCfg = Debug|Any CPU
		{A450F3D6-8EE8-E81B-1CBB-2CD2874E5DAD}.Debug|Any CPU.Build.0 = Debug|Any CPU
		{A450F3D6-8EE8-E81B-1CBB-2CD2874E5DAD}.Release|Any CPU.ActiveCfg = Release|Any CPU
		{A450F3D6-8EE8-E81B-1CBB-2CD2874E5DAD}.Release|Any CPU.Build.0 = Release|Any CPU
	EndGlobalSection
	GlobalSection(SolutionProperties) = preSolution
		HideSolutionNode = FALSE
	EndGlobalSection
					GlobalSection(MonoDevelopProperties) = preSolution
		StartupItem = Assembly-CSharp.csproj
		Policies = $0
		$0.TextStylePolicy = $1
		$1.inheritsSet = null
		$1.scope = text/x-csharp
		$0.CSharpFormattingPolicy = $2
		$2.inheritsSet = Mono
		$2.inheritsScope = text/x-csharp
		$2.scope = text/x-csharp
		$0.TextStylePolicy = $3
		$3.FileWidth = 120
		$3.TabWidth = 4
		$3.EolMarker = Unix
		$3.inheritsSet = Mono
		$3.inheritsScope = text/plain
		$3.scope = text/plain
	EndGlobalSection

EndGlobal
